
Microsoft Visual Studio Solution File, Format Version 12.00
Project("{FAE04EC0-301F-11D3-BF4B-00C04F79EFBC}") = "AoC2025", "AoC2025\AoC2025.csproj", "{29E68CFC-3E94-4390-8572-B7F94A6E0AFA}"
EndProject
Project("{FAE04EC0-301F-11D3-BF4B-00C04F79EFBC}") = "AoC2025Tests", "AoC2025Tests\AoC2025Tests.csproj", "{B88134AF-2DEA-456D-BEFF-363F0DF217C9}"
EndProject
Global
	GlobalSection(SolutionConfigurationPlatforms) = preSolution
		Debug|Any CPU = Debug|Any CPU
		Release|Any CPU = Release|Any CPU
	EndGlobalSection
	GlobalSection(ProjectConfigurationPlatforms) = postSolution
		{29E68CFC-3E94-4390-8572-B7F94A6E0AFA}.Debug|Any CPU.ActiveCfg = Debug|Any CPU
		{29E68CFC-3E94-4390-8572-B7F94A6E0AFA}.Debug|Any CPU.Build.0 = Debug|Any CPU
		{29E68CFC-3E94-4390-8572-B7F94A6E0AFA}.Release|Any CPU.ActiveCfg = Release|Any CPU
		{29E68CFC-3E94-4390-8572-B7F94A6E0AFA}.Release|Any CPU.Build.0 = Release|Any CPU
		{B88134AF-2DEA-456D-BEFF-363F0DF217C9}.Debug|Any CPU.ActiveCfg = Debug|Any CPU
		{B88134AF-2DEA-456D-BEFF-363F0DF217C9}.Debug|Any CPU.Build.0 = Debug|Any CPU
		{B88134AF-2DEA-456D-BEFF-363F0DF217C9}.Release|Any CPU.ActiveCfg = Release|Any CPU
		{B88134AF-2DEA-456D-BEFF-363F0DF217C9}.Release|Any CPU.Build.0 = Release|Any CPU
	EndGlobalSection
EndGlobal
